
Microsoft Visual Studio Solution File, Format Version 12.00
# Visual Studio 15
VisualStudioVersion = 15.0.26730.12
MinimumVisualStudioVersion = 10.0.40219.1
Project("{FAE04EC0-301F-11D3-BF4B-00C04F79EFBC}") = "GitHubExplorer", "GitHubExplorer\GitHubExplorer.csproj", "{38177093-5C6D-4E36-8DDF-0172C212C14F}"
EndProject
Project("{FAE04EC0-301F-11D3-BF4B-00C04F79EFBC}") = "GitHubExplorer.Tests", "GitHubExplorer.Tests\GitHubExplorer.Tests.csproj", "{11FDFB34-4BEC-473A-BEB3-B18D74C74544}"
EndProject
Project("{FAE04EC0-301F-11D3-BF4B-00C04F79EFBC}") = "GitHubExplorer.Repository", "GitHubExplorer.Repository\GitHubExplorer.Repository.csproj", "{A7E52844-B6AE-4BD7-B55E-EDF0CA20E0BF}"
EndProject
Project("{FAE04EC0-301F-11D3-BF4B-00C04F79EFBC}") = "GitHubExplorer.Shared", "GitHubExplorer.Shared\GitHubExplorer.Shared.csproj", "{7F9DD00A-39CF-4650-930B-2C0A004E765B}"
EndProject
Global
	GlobalSection(SolutionConfigurationPlatforms) = preSolution
		Debug|Any CPU = Debug|Any CPU
		Debug|ARM = Debug|ARM
		Debug|x64 = Debug|x64
		Debug|x86 = Debug|x86
		Release|Any CPU = Release|Any CPU
		Release|ARM = Release|ARM
		Release|x64 = Release|x64
		Release|x86 = Release|x86
	EndGlobalSection
	GlobalSection(ProjectConfigurationPlatforms) = postSolution
		{38177093-5C6D-4E36-8DDF-0172C212C14F}.Debug|Any CPU.ActiveCfg = Debug|Any CPU
		{38177093-5C6D-4E36-8DDF-0172C212C14F}.Debug|Any CPU.Build.0 = Debug|Any CPU
		{38177093-5C6D-4E36-8DDF-0172C212C14F}.Debug|ARM.ActiveCfg = Debug|Any CPU
		{38177093-5C6D-4E36-8DDF-0172C212C14F}.Debug|ARM.Build.0 = Debug|Any CPU
		{38177093-5C6D-4E36-8DDF-0172C212C14F}.Debug|x64.ActiveCfg = Debug|Any CPU
		{38177093-5C6D-4E36-8DDF-0172C212C14F}.Debug|x64.Build.0 = Debug|Any CPU
		{38177093-5C6D-4E36-8DDF-0172C212C14F}.Debug|x86.ActiveCfg = Debug|Any CPU
		{38177093-5C6D-4E36-8DDF-0172C212C14F}.Debug|x86.Build.0 = Debug|Any CPU
		{38177093-5C6D-4E36-8DDF-0172C212C14F}.Release|Any CPU.ActiveCfg = Release|Any CPU
		{38177093-5C6D-4E36-8DDF-0172C212C14F}.Release|Any CPU.Build.0 = Release|Any CPU
		{38177093-5C6D-4E36-8DDF-0172C212C14F}.Release|ARM.ActiveCfg = Release|Any CPU
		{38177093-5C6D-4E36-8DDF-0172C212C14F}.Release|ARM.Build.0 = Release|Any CPU
		{38177093-5C6D-4E36-8DDF-0172C212C14F}.Release|x64.ActiveCfg = Release|Any CPU
		{38177093-5C6D-4E36-8DDF-0172C212C14F}.Release|x64.Build.0 = Release|Any CPU
		{38177093-5C6D-4E36-8DDF-0172C212C14F}.Release|x86.ActiveCfg = Release|Any CPU
		{38177093-5C6D-4E36-8DDF-0172C212C14F}.Release|x86.Build.0 = Release|Any CPU
		{11FDFB34-4BEC-473A-BEB3-B18D74C74544}.Debug|Any CPU.ActiveCfg = Debug|Any CPU
		{11FDFB34-4BEC-473A-BEB3-B18D74C74544}.Debug|Any CPU.Build.0 = Debug|Any CPU
		{11FDFB34-4BEC-473A-BEB3-B18D74C74544}.Debug|ARM.ActiveCfg = Debug|Any CPU
		{11FDFB34-4BEC-473A-BEB3-B18D74C74544}.Debug|ARM.Build.0 = Debug|Any CPU
		{11FDFB34-4BEC-473A-BEB3-B18D74C74544}.Debug|x64.ActiveCfg = Debug|Any CPU
		{11FDFB34-4BEC-473A-BEB3-B18D74C74544}.Debug|x64.Build.0 = Debug|Any CPU
		{11FDFB34-4BEC-473A-BEB3-B18D74C74544}.Debug|x86.ActiveCfg = Debug|Any CPU
		{11FDFB34-4BEC-473A-BEB3-B18D74C74544}.Debug|x86.Build.0 = Debug|Any CPU
		{11FDFB34-4BEC-473A-BEB3-B18D74C74544}.Release|Any CPU.ActiveCfg = Release|Any CPU
		{11FDFB34-4BEC-473A-BEB3-B18D74C74544}.Release|Any CPU.Build.0 = Release|Any CPU
		{11FDFB34-4BEC-473A-BEB3-B18D74C74544}.Release|ARM.ActiveCfg = Release|Any CPU
		{11FDFB34-4BEC-473A-BEB3-B18D74C74544}.Release|ARM.Build.0 = Release|Any CPU
		{11FDFB34-4BEC-473A-BEB3-B18D74C74544}.Release|x64.ActiveCfg = Release|Any CPU
		{11FDFB34-4BEC-473A-BEB3-B18D74C74544}.Release|x64.Build.0 = Release|Any CPU
		{11FDFB34-4BEC-473A-BEB3-B18D74C74544}.Release|x86.ActiveCfg = Release|Any CPU
		{11FDFB34-4BEC-473A-BEB3-B18D74C74544}.Release|x86.Build.0 = Release|Any CPU
		{A7E52844-B6AE-4BD7-B55E-EDF0CA20E0BF}.Debug|Any CPU.ActiveCfg = Debug|Any CPU
		{A7E52844-B6AE-4BD7-B55E-EDF0CA20E0BF}.Debug|Any CPU.Build.0 = Debug|Any CPU
		{A7E52844-B6AE-4BD7-B55E-EDF0CA20E0BF}.Debug|ARM.ActiveCfg = Debug|Any CPU
		{A7E52844-B6AE-4BD7-B55E-EDF0CA20E0BF}.Debug|ARM.Build.0 = Debug|Any CPU
		{A7E52844-B6AE-4BD7-B55E-EDF0CA20E0BF}.Debug|x64.ActiveCfg = Debug|Any CPU
		{A7E52844-B6AE-4BD7-B55E-EDF0CA20E0BF}.Debug|x64.Build.0 = Debug|Any CPU
		{A7E52844-B6AE-4BD7-B55E-EDF0CA20E0BF}.Debug|x86.ActiveCfg = Debug|Any CPU
		{A7E52844-B6AE-4BD7-B55E-EDF0CA20E0BF}.Debug|x86.Build.0 = Debug|Any CPU
		{A7E52844-B6AE-4BD7-B55E-EDF0CA20E0BF}.Release|Any CPU.ActiveCfg = Release|Any CPU
		{A7E52844-B6AE-4BD7-B55E-EDF0CA20E0BF}.Release|Any CPU.Build.0 = Release|Any CPU
		{A7E52844-B6AE-4BD7-B55E-EDF0CA20E0BF}.Release|ARM.ActiveCfg = Release|Any CPU
		{A7E52844-B6AE-4BD7-B55E-EDF0CA20E0BF}.Release|ARM.Build.0 = Release|Any CPU
		{A7E52844-B6AE-4BD7-B55E-EDF0CA20E0BF}.Release|x64.ActiveCfg = Release|Any CPU
		{A7E52844-B6AE-4BD7-B55E-EDF0CA20E0BF}.Release|x64.Build.0 = Release|Any CPU
		{A7E52844-B6AE-4BD7-B55E-EDF0CA20E0BF}.Release|x86.ActiveCfg = Release|Any CPU
		{A7E52844-B6AE-4BD7-B55E-EDF0CA20E0BF}.Release|x86.Build.0 = Release|Any CPU
		{7F9DD00A-39CF-4650-930B-2C0A004E765B}.Debug|Any CPU.ActiveCfg = Debug|Any CPU
		{7F9DD00A-39CF-4650-930B-2C0A004E765B}.Debug|Any CPU.Build.0 = Debug|Any CPU
		{7F9DD00A-39CF-4650-930B-2C0A004E765B}.Debug|ARM.ActiveCfg = Debug|Any CPU
		{7F9DD00A-39CF-4650-930B-2C0A004E765B}.Debug|ARM.Build.0 = Debug|Any CPU
		{7F9DD00A-39CF-4650-930B-2C0A004E765B}.Debug|x64.ActiveCfg = Debug|Any CPU
		{7F9DD00A-39CF-4650-930B-2C0A004E765B}.Debug|x64.Build.0 = Debug|Any CPU
		{7F9DD00A-39CF-4650-930B-2C0A004E765B}.Debug|x86.ActiveCfg = Debug|Any CPU
		{7F9DD00A-39CF-4650-930B-2C0A004E765B}.Debug|x86.Build.0 = Debug|Any CPU
		{7F9DD00A-39CF-4650-930B-2C0A004E765B}.Release|Any CPU.ActiveCfg = Release|Any CPU
		{7F9DD00A-39CF-4650-930B-2C0A004E765B}.Release|Any CPU.Build.0 = Release|Any CPU
		{7F9DD00A-39CF-4650-930B-2C0A004E765B}.Release|ARM.ActiveCfg = Release|Any CPU
		{7F9DD00A-39CF-4650-930B-2C0A004E765B}.Release|ARM.Build.0 = Release|Any CPU
		{7F9DD00A-39CF-4650-930B-2C0A004E765B}.Release|x64.ActiveCfg = Release|Any CPU
		{7F9DD00A-39CF-4650-930B-2C0A004E765B}.Release|x64.Build.0 = Release|Any CPU
		{7F9DD00A-39CF-4650-930B-2C0A004E765B}.Release|x86.ActiveCfg = Release|Any CPU
		{7F9DD00A-39CF-4650-930B-2C0A004E765B}.Release|x86.Build.0 = Release|Any CPU
	EndGlobalSection
	GlobalSection(SolutionProperties) = preSolution
		HideSolutionNode = FALSE
	EndGlobalSection
	GlobalSection(ExtensibilityGlobals) = postSolution
		SolutionGuid = {1389FB70-4897-44AB-8FC1-C5F7C880430C}
	EndGlobalSection
EndGlobal
