
Microsoft Visual Studio Solution File, Format Version 12.00
# Visual Studio 15
VisualStudioVersion = 15.0.26730.12
MinimumVisualStudioVersion = 10.0.40219.1
Project("{FAE04EC0-301F-11D3-BF4B-00C04F79EFBC}") = "GitHubExplorer", "GitHubExplorer\GitHubExplorer.csproj", "{38177093-5C6D-4E36-8DDF-0172C212C14F}"
EndProject
Project("{FAE04EC0-301F-11D3-BF4B-00C04F79EFBC}") = "GitHubExplorer.Tests", "GitHubExplorer.Tests\GitHubExplorer.Tests.csproj", "{11FDFB34-4BEC-473A-BEB3-B18D74C74544}"
EndProject
Global
	GlobalSection(SolutionConfigurationPlatforms) = preSolution
		Debug|Any CPU = Debug|Any CPU
		Release|Any CPU = Release|Any CPU
	EndGlobalSection
	GlobalSection(ProjectConfigurationPlatforms) = postSolution
		{38177093-5C6D-4E36-8DDF-0172C212C14F}.Debug|Any CPU.ActiveCfg = Debug|Any CPU
		{38177093-5C6D-4E36-8DDF-0172C212C14F}.Debug|Any CPU.Build.0 = Debug|Any CPU
		{38177093-5C6D-4E36-8DDF-0172C212C14F}.Release|Any CPU.ActiveCfg = Release|Any CPU
		{38177093-5C6D-4E36-8DDF-0172C212C14F}.Release|Any CPU.Build.0 = Release|Any CPU
		{11FDFB34-4BEC-473A-BEB3-B18D74C74544}.Debug|Any CPU.ActiveCfg = Debug|Any CPU
		{11FDFB34-4BEC-473A-BEB3-B18D74C74544}.Debug|Any CPU.Build.0 = Debug|Any CPU
		{11FDFB34-4BEC-473A-BEB3-B18D74C74544}.Release|Any CPU.ActiveCfg = Release|Any CPU
		{11FDFB34-4BEC-473A-BEB3-B18D74C74544}.Release|Any CPU.Build.0 = Release|Any CPU
	EndGlobalSection
	GlobalSection(SolutionProperties) = preSolution
		HideSolutionNode = FALSE
	EndGlobalSection
	GlobalSection(ExtensibilityGlobals) = postSolution
		SolutionGuid = {1389FB70-4897-44AB-8FC1-C5F7C880430C}
	EndGlobalSection
EndGlobal
